
Microsoft Visual Studio Solution File, Format Version 12.00
# Visual Studio Version 17
VisualStudioVersion = 17.7.34031.279
MinimumVisualStudioVersion = 10.0.40219.1
Project("{FAE04EC0-301F-11D3-BF4B-00C04F79EFBC}") = "SecurityUsingIdentity", "SecurityUsingIdentity\SecurityUsingIdentity.csproj", "{2389D570-3870-46B1-9BC4-20EB50A29B2E}"
EndProject
Global
	GlobalSection(SolutionConfigurationPlatforms) = preSolution
		Debug|Any CPU = Debug|Any CPU
		Release|Any CPU = Release|Any CPU
	EndGlobalSection
	GlobalSection(ProjectConfigurationPlatforms) = postSolution
		{2389D570-3870-46B1-9BC4-20EB50A29B2E}.Debug|Any CPU.ActiveCfg = Debug|Any CPU
		{2389D570-3870-46B1-9BC4-20EB50A29B2E}.Debug|Any CPU.Build.0 = Debug|Any CPU
		{2389D570-3870-46B1-9BC4-20EB50A29B2E}.Release|Any CPU.ActiveCfg = Release|Any CPU
		{2389D570-3870-46B1-9BC4-20EB50A29B2E}.Release|Any CPU.Build.0 = Release|Any CPU
	EndGlobalSection
	GlobalSection(SolutionProperties) = preSolution
		HideSolutionNode = FALSE
	EndGlobalSection
	GlobalSection(ExtensibilityGlobals) = postSolution
		SolutionGuid = {DA9AC848-00ED-4783-80F8-33E6EC38B221}
	EndGlobalSection
EndGlobal
